
Microsoft Visual Studio Solution File, Format Version 12.00
# Visual Studio Version 17
VisualStudioVersion = 17.5.002.0
MinimumVisualStudioVersion = 10.0.40219.1
Project("{9A19103F-16F7-4668-BE54-9A1E7A4F7556}") = "estrutura_do_projeto", "estrutura_do_projeto\estrutura_do_projeto.csproj", "{191B604B-39B1-4812-BADC-2AD21AA43F06}"
EndProject
Project("{FAE04EC0-301F-11D3-BF4B-00C04F79EFBC}") = "ExemploFundamentos.Common", "ExemploFundamentos.Common\ExemploFundamentos.Common.csproj", "{0A7DB7E7-FD23-4B8C-8024-86E0ACF7736D}"
EndProject
Project("{FAE04EC0-301F-11D3-BF4B-00C04F79EFBC}") = "exemplofundamentos", "exemplofundamentos\exemplofundamentos.csproj", "{F947E821-A24D-482F-A3F7-CE84EBD8FBA2}"
EndProject
Project("{FAE04EC0-301F-11D3-BF4B-00C04F79EFBC}") = "Fundamentos.Common", "Fundamentos.Common\Fundamentos.Common.csproj", "{BBBC7D82-09DB-47AD-BBA1-B48DD4C63546}"
EndProject
Project("{FAE04EC0-301F-11D3-BF4B-00C04F79EFBC}") = "ArrayeLista", "ArrayeLista\ArrayeLista.csproj", "{83EB13DA-3FBC-4F66-BEAD-66D6F5ABBE15}"
EndProject
Project("{FAE04EC0-301F-11D3-BF4B-00C04F79EFBC}") = "ClassePessoa", "ClassePessoa\ClassePessoa.csproj", "{CE26768D-EAEA-4E08-BD02-693E2B8409D2}"
EndProject
Project("{FAE04EC0-301F-11D3-BF4B-00C04F79EFBC}") = "ExemploPOO", "ExemploPOO\ExemploPOO.csproj", "{30747335-6839-4831-A349-F07F7E21D23B}"
EndProject
Project("{FAE04EC0-301F-11D3-BF4B-00C04F79EFBC}") = "ModuloAPI", "ModuloAPI\ModuloAPI.csproj", "{3361E0D3-90DA-4E33-AF3F-DDFD189EA38F}"
EndProject
Global
	GlobalSection(SolutionConfigurationPlatforms) = preSolution
		Debug|Any CPU = Debug|Any CPU
		Release|Any CPU = Release|Any CPU
	EndGlobalSection
	GlobalSection(ProjectConfigurationPlatforms) = postSolution
		{191B604B-39B1-4812-BADC-2AD21AA43F06}.Debug|Any CPU.ActiveCfg = Debug|Any CPU
		{191B604B-39B1-4812-BADC-2AD21AA43F06}.Debug|Any CPU.Build.0 = Debug|Any CPU
		{191B604B-39B1-4812-BADC-2AD21AA43F06}.Release|Any CPU.ActiveCfg = Release|Any CPU
		{191B604B-39B1-4812-BADC-2AD21AA43F06}.Release|Any CPU.Build.0 = Release|Any CPU
		{0A7DB7E7-FD23-4B8C-8024-86E0ACF7736D}.Debug|Any CPU.ActiveCfg = Debug|Any CPU
		{0A7DB7E7-FD23-4B8C-8024-86E0ACF7736D}.Debug|Any CPU.Build.0 = Debug|Any CPU
		{0A7DB7E7-FD23-4B8C-8024-86E0ACF7736D}.Release|Any CPU.ActiveCfg = Release|Any CPU
		{0A7DB7E7-FD23-4B8C-8024-86E0ACF7736D}.Release|Any CPU.Build.0 = Release|Any CPU
		{F947E821-A24D-482F-A3F7-CE84EBD8FBA2}.Debug|Any CPU.ActiveCfg = Debug|Any CPU
		{F947E821-A24D-482F-A3F7-CE84EBD8FBA2}.Debug|Any CPU.Build.0 = Debug|Any CPU
		{F947E821-A24D-482F-A3F7-CE84EBD8FBA2}.Release|Any CPU.ActiveCfg = Release|Any CPU
		{F947E821-A24D-482F-A3F7-CE84EBD8FBA2}.Release|Any CPU.Build.0 = Release|Any CPU
		{BBBC7D82-09DB-47AD-BBA1-B48DD4C63546}.Debug|Any CPU.ActiveCfg = Debug|Any CPU
		{BBBC7D82-09DB-47AD-BBA1-B48DD4C63546}.Debug|Any CPU.Build.0 = Debug|Any CPU
		{BBBC7D82-09DB-47AD-BBA1-B48DD4C63546}.Release|Any CPU.ActiveCfg = Release|Any CPU
		{BBBC7D82-09DB-47AD-BBA1-B48DD4C63546}.Release|Any CPU.Build.0 = Release|Any CPU
		{83EB13DA-3FBC-4F66-BEAD-66D6F5ABBE15}.Debug|Any CPU.ActiveCfg = Debug|Any CPU
		{83EB13DA-3FBC-4F66-BEAD-66D6F5ABBE15}.Debug|Any CPU.Build.0 = Debug|Any CPU
		{83EB13DA-3FBC-4F66-BEAD-66D6F5ABBE15}.Release|Any CPU.ActiveCfg = Release|Any CPU
		{83EB13DA-3FBC-4F66-BEAD-66D6F5ABBE15}.Release|Any CPU.Build.0 = Release|Any CPU
		{CE26768D-EAEA-4E08-BD02-693E2B8409D2}.Debug|Any CPU.ActiveCfg = Debug|Any CPU
		{CE26768D-EAEA-4E08-BD02-693E2B8409D2}.Debug|Any CPU.Build.0 = Debug|Any CPU
		{CE26768D-EAEA-4E08-BD02-693E2B8409D2}.Release|Any CPU.ActiveCfg = Release|Any CPU
		{CE26768D-EAEA-4E08-BD02-693E2B8409D2}.Release|Any CPU.Build.0 = Release|Any CPU
		{30747335-6839-4831-A349-F07F7E21D23B}.Debug|Any CPU.ActiveCfg = Debug|Any CPU
		{30747335-6839-4831-A349-F07F7E21D23B}.Debug|Any CPU.Build.0 = Debug|Any CPU
		{30747335-6839-4831-A349-F07F7E21D23B}.Release|Any CPU.ActiveCfg = Release|Any CPU
		{30747335-6839-4831-A349-F07F7E21D23B}.Release|Any CPU.Build.0 = Release|Any CPU
		{3361E0D3-90DA-4E33-AF3F-DDFD189EA38F}.Debug|Any CPU.ActiveCfg = Debug|Any CPU
		{3361E0D3-90DA-4E33-AF3F-DDFD189EA38F}.Debug|Any CPU.Build.0 = Debug|Any CPU
		{3361E0D3-90DA-4E33-AF3F-DDFD189EA38F}.Release|Any CPU.ActiveCfg = Release|Any CPU
		{3361E0D3-90DA-4E33-AF3F-DDFD189EA38F}.Release|Any CPU.Build.0 = Release|Any CPU
	EndGlobalSection
	GlobalSection(SolutionProperties) = preSolution
		HideSolutionNode = FALSE
	EndGlobalSection
	GlobalSection(ExtensibilityGlobals) = postSolution
		SolutionGuid = {BB706AE8-5966-43B3-A029-38DB27B59B90}
	EndGlobalSection
EndGlobal
